<Solution>
  <Folder Name="/src/">
    <Project Path="src/FusionRpg.Contracts/FusionRpg.Contracts.csproj" />
    <Project Path="src/FusionRpg.Core/FusionRpg.Core.csproj" />
    <Project Path="src/FusionRpg.CheatCore/FusionRpg.CheatCore.csproj" />
    <Project Path="src/FusionRpg.Data/FusionRpg.Data.csproj" />
    <Project Path="src/FusionRpg.Server/FusionRpg.Server.csproj" />
  </Folder>
  <Folder Name="/tests/">
    <Project Path="tests/FusionRpg.Core.Tests/FusionRpg.Core.Tests.csproj" />
    <Project Path="tests/FusionRpg.E2E.Tests/FusionRpg.E2E.Tests.csproj" />
    <Project Path="tests/FusionRpg.Server.Tests/FusionRpg.Server.Tests.csproj" />
    <Project Path="tests/FusionRpg.Core.AchievementTitlesTuningTests.Tests/FusionRpg.Core.AchievementTitlesTuningTests.Tests.csproj" />
    <Project Path="tests/FusionRpg.Core.ActorHub.Tests/FusionRpg.Core.ActorHub.Tests.csproj" />
    <Project Path="tests/FusionRpg.Core.ActorSurface.Tests/FusionRpg.Core.ActorSurface.Tests.csproj" />
    <Project Path="tests/FusionRpg.Core.Atoms.Tests/FusionRpg.Core.Atoms.Tests.csproj" />
    <Project Path="tests/FusionRpg.Core.Aura.Tests/FusionRpg.Core.Aura.Tests.csproj" />
    <Project Path="tests/FusionRpg.Core.Balance.Tests/FusionRpg.Core.Balance.Tests.csproj" />
    <Project Path="tests/FusionRpg.Core.BoardProjectionTests.Tests/FusionRpg.Core.BoardProjectionTests.Tests.csproj" />
    <Project Path="tests/FusionRpg.Core.CapPolicyTests.Tests/FusionRpg.Core.CapPolicyTests.Tests.csproj" />
    <Project Path="tests/FusionRpg.Core.ClassSystem.Tests/FusionRpg.Core.ClassSystem.Tests.csproj" />
    <Project Path="tests/FusionRpg.Core.CombatCounterTests.Tests/FusionRpg.Core.CombatCounterTests.Tests.csproj" />
    <Project Path="tests/FusionRpg.Core.CombatDotTests.Tests/FusionRpg.Core.CombatDotTests.Tests.csproj" />
    <Project Path="tests/FusionRpg.Core.CombatFanoutTests.Tests/FusionRpg.Core.CombatFanoutTests.Tests.csproj" />
    <Project Path="tests/FusionRpg.Core.CombatHitEmitPolicyTests.Tests/FusionRpg.Core.CombatHitEmitPolicyTests.Tests.csproj" />
    <Project Path="tests/FusionRpg.Core.Commanders.Tests/FusionRpg.Core.Commanders.Tests.csproj" />
    <Project Path="tests/FusionRpg.Core.DamageFxPaletteTests.Tests/FusionRpg.Core.DamageFxPaletteTests.Tests.csproj" />
    <Project Path="tests/FusionRpg.Core.Diagnostics.Tests/FusionRpg.Core.Diagnostics.Tests.csproj" />
    <Project Path="tests/FusionRpg.Core.Dungeon.Tests/FusionRpg.Core.Dungeon.Tests.csproj" />
    <Project Path="tests/FusionRpg.Core.EffectClock.Tests/FusionRpg.Core.EffectClock.Tests.csproj" />
    <Project Path="tests/FusionRpg.Core.EffectEventAdapterCoreTests.Tests/FusionRpg.Core.EffectEventAdapterCoreTests.Tests.csproj" />
    <Project Path="tests/FusionRpg.Core.EffectGrantSessionRecorderTests.Tests/FusionRpg.Core.EffectGrantSessionRecorderTests.Tests.csproj" />
    <Project Path="tests/FusionRpg.Core.EffectGrantSessionTests.Tests/FusionRpg.Core.EffectGrantSessionTests.Tests.csproj" />
    <Project Path="tests/FusionRpg.Core.EffectOfflineKitTests.Tests/FusionRpg.Core.EffectOfflineKitTests.Tests.csproj" />
    <Project Path="tests/FusionRpg.Core.EffectPluginHostTests.Tests/FusionRpg.Core.EffectPluginHostTests.Tests.csproj" />
    <Project Path="tests/FusionRpg.Core.EffectPluginLifecycleTests.Tests/FusionRpg.Core.EffectPluginLifecycleTests.Tests.csproj" />
    <Project Path="tests/FusionRpg.Core.EffectScenarioRunnerTests.Tests/FusionRpg.Core.EffectScenarioRunnerTests.Tests.csproj" />
    <Project Path="tests/FusionRpg.Core.Effects.Tests/FusionRpg.Core.Effects.Tests.csproj" />
    <Project Path="tests/FusionRpg.Core.Events.Tests/FusionRpg.Core.Events.Tests.csproj" />
    <Project Path="tests/FusionRpg.Core.Expeditions.Tests/FusionRpg.Core.Expeditions.Tests.csproj" />
    <Project Path="tests/FusionRpg.Core.GameProfileConstantsTests.Tests/FusionRpg.Core.GameProfileConstantsTests.Tests.csproj" />
    <Project Path="tests/FusionRpg.Core.Hud.Tests/FusionRpg.Core.Hud.Tests.csproj" />
    <Project Path="tests/FusionRpg.Core.Items.Tests/FusionRpg.Core.Items.Tests.csproj" />
    <Project Path="tests/FusionRpg.Core.Lawn.Tests/FusionRpg.Core.Lawn.Tests.csproj" />
    <Project Path="tests/FusionRpg.Core.LawnCoordMathTests.Tests/FusionRpg.Core.LawnCoordMathTests.Tests.csproj" />
    <Project Path="tests/FusionRpg.Core.Match.Tests/FusionRpg.Core.Match.Tests.csproj" />
    <Project Path="tests/FusionRpg.Core.MatchAdmitTests.Tests/FusionRpg.Core.MatchAdmitTests.Tests.csproj" />
    <Project Path="tests/FusionRpg.Core.MatchInjectContractTests.Tests/FusionRpg.Core.MatchInjectContractTests.Tests.csproj" />
    <Project Path="tests/FusionRpg.Core.MatchRuntimeTests.Tests/FusionRpg.Core.MatchRuntimeTests.Tests.csproj" />
    <Project Path="tests/FusionRpg.Core.MatchValidatorTests.Tests/FusionRpg.Core.MatchValidatorTests.Tests.csproj" />
    <Project Path="tests/FusionRpg.Core.Notify.Tests/FusionRpg.Core.Notify.Tests.csproj" />
    <Project Path="tests/FusionRpg.Core.OnboardingCheckpointEvaluatorTests.Tests/FusionRpg.Core.OnboardingCheckpointEvaluatorTests.Tests.csproj" />
    <Project Path="tests/FusionRpg.Core.Overlay.Tests/FusionRpg.Core.Overlay.Tests.csproj" />
    <Project Path="tests/FusionRpg.Core.OverlayApplyGuardTests.Tests/FusionRpg.Core.OverlayApplyGuardTests.Tests.csproj" />
    <Project Path="tests/FusionRpg.Core.OverlayProcTests.Tests/FusionRpg.Core.OverlayProcTests.Tests.csproj" />
    <Project Path="tests/FusionRpg.Core.PassiveTree.Tests/FusionRpg.Core.PassiveTree.Tests.csproj" />
    <Project Path="tests/FusionRpg.Core.Power.Tests/FusionRpg.Core.Power.Tests.csproj" />
    <Project Path="tests/FusionRpg.Core.Progression.Tests/FusionRpg.Core.Progression.Tests.csproj" />
    <Project Path="tests/FusionRpg.Core.PvzActivityRollupBuilderTests.Tests/FusionRpg.Core.PvzActivityRollupBuilderTests.Tests.csproj" />
    <Project Path="tests/FusionRpg.Core.PvzStatsApplyGateTests.Tests/FusionRpg.Core.PvzStatsApplyGateTests.Tests.csproj" />
    <Project Path="tests/FusionRpg.Core.PvzStatsSheetComposerTests.Tests/FusionRpg.Core.PvzStatsSheetComposerTests.Tests.csproj" />
    <Project Path="tests/FusionRpg.Core.RpgProgressionBalanceTests.Tests/FusionRpg.Core.RpgProgressionBalanceTests.Tests.csproj" />
    <Project Path="tests/FusionRpg.Core.RpgXpApplyTests.Tests/FusionRpg.Core.RpgXpApplyTests.Tests.csproj" />
    <Project Path="tests/FusionRpg.Core.RpgXpAwardMapTests.Tests/FusionRpg.Core.RpgXpAwardMapTests.Tests.csproj" />
    <Project Path="tests/FusionRpg.Core.Saves.Tests/FusionRpg.Core.Saves.Tests.csproj" />
    <Project Path="tests/FusionRpg.Core.SimEngineMatchIsolationTests.Tests/FusionRpg.Core.SimEngineMatchIsolationTests.Tests.csproj" />
    <Project Path="tests/FusionRpg.Core.SimEngineMatchOverlayTests.Tests/FusionRpg.Core.SimEngineMatchOverlayTests.Tests.csproj" />
    <Project Path="tests/FusionRpg.Core.SimEngineShieldTests.Tests/FusionRpg.Core.SimEngineShieldTests.Tests.csproj" />
    <Project Path="tests/FusionRpg.Core.StatMathAndSimTests.Tests/FusionRpg.Core.StatMathAndSimTests.Tests.csproj" />
    <Project Path="tests/FusionRpg.Core.StatSystemTests.Tests/FusionRpg.Core.StatSystemTests.Tests.csproj" />
    <Project Path="tests/FusionRpg.Core.Stats.Tests/FusionRpg.Core.Stats.Tests.csproj" />
    <Project Path="tests/FusionRpg.Core.Status.Tests/FusionRpg.Core.Status.Tests.csproj" />
    <Project Path="tests/FusionRpg.Core.TargetResolverTests.Tests/FusionRpg.Core.TargetResolverTests.Tests.csproj" />
    <Project Path="tests/FusionRpg.Core.TitleLifecyclePolicyTests.Tests/FusionRpg.Core.TitleLifecyclePolicyTests.Tests.csproj" />
    <Project Path="tests/FusionRpg.Core.UniqueBindingsTests.Tests/FusionRpg.Core.UniqueBindingsTests.Tests.csproj" />
    <Project Path="tests/FusionRpg.Core.UniqueEquipmentCatalogTests.Tests/FusionRpg.Core.UniqueEquipmentCatalogTests.Tests.csproj" />
    <Project Path="tests/FusionRpg.Core.Vfx.Tests/FusionRpg.Core.Vfx.Tests.csproj" />
    <Project Path="tests/FusionRpg.Core.Vocabulary.Tests/FusionRpg.Core.Vocabulary.Tests.csproj" />
    <Project Path="tests/FusionRpg.Core.Workspace.Tests/FusionRpg.Core.Workspace.Tests.csproj" />
  </Folder>
</Solution>
